// !$*UTF8*$!
{
	archiveVersion = 1;
	classes = {
	};
	objectVersion = 50;
	objects = {

/* Begin PBXBuildFile section */
		04230FA82391020B00031B27 /* AppDelegate.m in Sources */ = {isa = PBXBuildFile; fileRef = 04230FA72391020B00031B27 /* AppDelegate.m */; };
		04230FAB2391020B00031B27 /* ViewController.m in Sources */ = {isa = PBXBuildFile; fileRef = 04230FAA2391020B00031B27 /* ViewController.m */; };
		04230FAE2391020B00031B27 /* Main.storyboard in Resources */ = {isa = PBXBuildFile; fileRef = 04230FAC2391020B00031B27 /* Main.storyboard */; };
		04230FB02391020E00031B27 /* Assets.xcassets in Resources */ = {isa = PBXBuildFile; fileRef = 04230FAF2391020E00031B27 /* Assets.xcassets */; };
		04230FB32391020E00031B27 /* LaunchScreen.storyboard in Resources */ = {isa = PBXBuildFile; fileRef = 04230FB12391020E00031B27 /* LaunchScreen.storyboard */; };
		04230FB62391020E00031B27 /* main.m in Sources */ = {isa = PBXBuildFile; fileRef = 04230FB52391020E00031B27 /* main.m */; };
		0454440523D1A59F00808EEC /* XYString.m in Sources */ = {isa = PBXBuildFile; fileRef = 0454440423D1A59F00808EEC /* XYString.m */; };
		0454440723D1B44900808EEC /* libsqlite3.tbd in Frameworks */ = {isa = PBXBuildFile; fileRef = 0454440623D1B44900808EEC /* libsqlite3.tbd */; };
		0459757D23BA134200221DF3 /* SecretListViewController.m in Sources */ = {isa = PBXBuildFile; fileRef = 0459757C23BA134200221DF3 /* SecretListViewController.m */; };
		04689ECC23CC4B9100D2A786 /* SecretListTableViewCell.m in Sources */ = {isa = PBXBuildFile; fileRef = 04689ECB23CC4B9100D2A786 /* SecretListTableViewCell.m */; };
		046AC14A2394EF0600111DA2 /* MainViewController.m in Sources */ = {isa = PBXBuildFile; fileRef = 046AC1492394EF0600111DA2 /* MainViewController.m */; };
		046AC14E2394F5CF00111DA2 /* BaseNavigationController.m in Sources */ = {isa = PBXBuildFile; fileRef = 046AC14D2394F5CF00111DA2 /* BaseNavigationController.m */; };
		046AC1552395124E00111DA2 /* MainCollectionViewCell.m in Sources */ = {isa = PBXBuildFile; fileRef = 046AC1542395124E00111DA2 /* MainCollectionViewCell.m */; };
		046AC1582396479B00111DA2 /* NextViewController.m in Sources */ = {isa = PBXBuildFile; fileRef = 046AC1572396479B00111DA2 /* NextViewController.m */; };
		04E924AF2394A7D3006683D7 /* MDInstance.m in Sources */ = {isa = PBXBuildFile; fileRef = 04E924AE2394A7D3006683D7 /* MDInstance.m */; };
		04E924B32394AC5E006683D7 /* MDMethods.m in Sources */ = {isa = PBXBuildFile; fileRef = 04E924B22394AC5E006683D7 /* MDMethods.m */; };
		6E22E597AC3D753637744453 /* libPods-MarkProject.a in Frameworks */ = {isa = PBXBuildFile; fileRef = E6F41FCEB9C3C4D50F296F00 /* libPods-MarkProject.a */; };
/* End PBXBuildFile section */

/* Begin PBXFileReference section */
		04230FA32391020B00031B27 /* MarkProject.app */ = {isa = PBXFileReference; explicitFileType = wrapper.application; includeInIndex = 0; path = MarkProject.app; sourceTree = BUILT_PRODUCTS_DIR; };
		04230FA62391020B00031B27 /* AppDelegate.h */ = {isa = PBXFileReference; lastKnownFileType = sourcecode.c.h; path = AppDelegate.h; sourceTree = "<group>"; };
		04230FA72391020B00031B27 /* AppDelegate.m */ = {isa = PBXFileReference; lastKnownFileType = sourcecode.c.objc; path = AppDelegate.m; sourceTree = "<group>"; };
		04230FA92391020B00031B27 /* ViewController.h */ = {isa = PBXFileReference; lastKnownFileType = sourcecode.c.h; path = ViewController.h; sourceTree = "<group>"; };
		04230FAA2391020B00031B27 /* ViewController.m */ = {isa = PBXFileReference; lastKnownFileType = sourcecode.c.objc; path = ViewController.m; sourceTree = "<group>"; };
		04230FAD2391020B00031B27 /* Base */ = {isa = PBXFileReference; lastKnownFileType = file.storyboard; name = Base; path = Base.lproj/Main.storyboard; sourceTree = "<group>"; };
		04230FAF2391020E00031B27 /* Assets.xcassets */ = {isa = PBXFileReference; lastKnownFileType = folder.assetcatalog; path = Assets.xcassets; sourceTree = "<group>"; };
		04230FB22391020E00031B27 /* Base */ = {isa = PBXFileReference; lastKnownFileType = file.storyboard; name = Base; path = Base.lproj/LaunchScreen.storyboard; sourceTree = "<group>"; };
		04230FB42391020E00031B27 /* Info.plist */ = {isa = PBXFileReference; lastKnownFileType = text.plist.xml; path = Info.plist; sourceTree = "<group>"; };
		04230FB52391020E00031B27 /* main.m */ = {isa = PBXFileReference; lastKnownFileType = sourcecode.c.objc; path = main.m; sourceTree = "<group>"; };
		04230FBC2391024600031B27 /* PrefixHeader.pch */ = {isa = PBXFileReference; lastKnownFileType = sourcecode.c.h; path = PrefixHeader.pch; sourceTree = "<group>"; };
		0454440323D1A59F00808EEC /* XYString.h */ = {isa = PBXFileReference; fileEncoding = 4; lastKnownFileType = sourcecode.c.h; path = XYString.h; sourceTree = "<group>"; };
		0454440423D1A59F00808EEC /* XYString.m */ = {isa = PBXFileReference; fileEncoding = 4; lastKnownFileType = sourcecode.c.objc; path = XYString.m; sourceTree = "<group>"; };
		0454440623D1B44900808EEC /* libsqlite3.tbd */ = {isa = PBXFileReference; lastKnownFileType = "sourcecode.text-based-dylib-definition"; name = libsqlite3.tbd; path = usr/lib/libsqlite3.tbd; sourceTree = SDKROOT; };
		0459757B23BA134200221DF3 /* SecretListViewController.h */ = {isa = PBXFileReference; lastKnownFileType = sourcecode.c.h; path = SecretListViewController.h; sourceTree = "<group>"; };
		0459757C23BA134200221DF3 /* SecretListViewController.m */ = {isa = PBXFileReference; lastKnownFileType = sourcecode.c.objc; path = SecretListViewController.m; sourceTree = "<group>"; };
		04689ECA23CC4B9100D2A786 /* SecretListTableViewCell.h */ = {isa = PBXFileReference; lastKnownFileType = sourcecode.c.h; name = SecretListTableViewCell.h; path = "MarkProject/密码本/SecretListTableViewCell.h"; sourceTree = SOURCE_ROOT; };
		04689ECB23CC4B9100D2A786 /* SecretListTableViewCell.m */ = {isa = PBXFileReference; lastKnownFileType = sourcecode.c.objc; name = SecretListTableViewCell.m; path = "MarkProject/密码本/SecretListTableViewCell.m"; sourceTree = SOURCE_ROOT; };
		046AC1482394EF0600111DA2 /* MainViewController.h */ = {isa = PBXFileReference; lastKnownFileType = sourcecode.c.h; path = MainViewController.h; sourceTree = "<group>"; };
		046AC1492394EF0600111DA2 /* MainViewController.m */ = {isa = PBXFileReference; lastKnownFileType = sourcecode.c.objc; path = MainViewController.m; sourceTree = "<group>"; };
		046AC14C2394F5CF00111DA2 /* BaseNavigationController.h */ = {isa = PBXFileReference; lastKnownFileType = sourcecode.c.h; path = BaseNavigationController.h; sourceTree = "<group>"; };
		046AC14D2394F5CF00111DA2 /* BaseNavigationController.m */ = {isa = PBXFileReference; lastKnownFileType = sourcecode.c.objc; path = BaseNavigationController.m; sourceTree = "<group>"; };
		046AC1532395124E00111DA2 /* MainCollectionViewCell.h */ = {isa = PBXFileReference; lastKnownFileType = sourcecode.c.h; path = MainCollectionViewCell.h; sourceTree = "<group>"; };
		046AC1542395124E00111DA2 /* MainCollectionViewCell.m */ = {isa = PBXFileReference; lastKnownFileType = sourcecode.c.objc; path = MainCollectionViewCell.m; sourceTree = "<group>"; };
		046AC1562396479B00111DA2 /* NextViewController.h */ = {isa = PBXFileReference; lastKnownFileType = sourcecode.c.h; path = NextViewController.h; sourceTree = "<group>"; };
		046AC1572396479B00111DA2 /* NextViewController.m */ = {isa = PBXFileReference; lastKnownFileType = sourcecode.c.objc; path = NextViewController.m; sourceTree = "<group>"; };
		04E924AD2394A7D3006683D7 /* MDInstance.h */ = {isa = PBXFileReference; lastKnownFileType = sourcecode.c.h; path = MDInstance.h; sourceTree = "<group>"; };
		04E924AE2394A7D3006683D7 /* MDInstance.m */ = {isa = PBXFileReference; lastKnownFileType = sourcecode.c.objc; path = MDInstance.m; sourceTree = "<group>"; };
		04E924B12394AC5E006683D7 /* MDMethods.h */ = {isa = PBXFileReference; lastKnownFileType = sourcecode.c.h; path = MDMethods.h; sourceTree = "<group>"; };
		04E924B22394AC5E006683D7 /* MDMethods.m */ = {isa = PBXFileReference; lastKnownFileType = sourcecode.c.objc; path = MDMethods.m; sourceTree = "<group>"; };
		49168B48E25A5FEB4F7A6A6B /* Pods-MarkProject.release.xcconfig */ = {isa = PBXFileReference; includeInIndex = 1; lastKnownFileType = text.xcconfig; name = "Pods-MarkProject.release.xcconfig"; path = "Target Support Files/Pods-MarkProject/Pods-MarkProject.release.xcconfig"; sourceTree = "<group>"; };
		958297A7EEDFB92B5FA0BD5D /* Pods-MarkProject.debug.xcconfig */ = {isa = PBXFileReference; includeInIndex = 1; lastKnownFileType = text.xcconfig; name = "Pods-MarkProject.debug.xcconfig"; path = "Target Support Files/Pods-MarkProject/Pods-MarkProject.debug.xcconfig"; sourceTree = "<group>"; };
		E6F41FCEB9C3C4D50F296F00 /* libPods-MarkProject.a */ = {isa = PBXFileReference; explicitFileType = archive.ar; includeInIndex = 0; path = "libPods-MarkProject.a"; sourceTree = BUILT_PRODUCTS_DIR; };
/* End PBXFileReference section */

/* Begin PBXFrameworksBuildPhase section */
		04230FA02391020B00031B27 /* Frameworks */ = {
			isa = PBXFrameworksBuildPhase;
			buildActionMask = 2147483647;
			files = (
				0454440723D1B44900808EEC /* libsqlite3.tbd in Frameworks */,
				6E22E597AC3D753637744453 /* libPods-MarkProject.a in Frameworks */,
			);
			runOnlyForDeploymentPostprocessing = 0;
		};
/* End PBXFrameworksBuildPhase section */

/* Begin PBXGroup section */
		04230F9A2391020B00031B27 = {
			isa = PBXGroup;
			children = (
				04230FA52391020B00031B27 /* MarkProject */,
				04230FA42391020B00031B27 /* Products */,
				C5F5073350C5B1CD28B28402 /* Pods */,
				73ACE74CF294E50703FC5A68 /* Frameworks */,
			);
			sourceTree = "<group>";
		};
		04230FA42391020B00031B27 /* Products */ = {
			isa = PBXGroup;
			children = (
				04230FA32391020B00031B27 /* MarkProject.app */,
			);
			name = Products;
			sourceTree = "<group>";
		};
		04230FA52391020B00031B27 /* MarkProject */ = {
			isa = PBXGroup;
			children = (
				0459758223BA156200221DF3 /* 主页 */,
				0459757E23BA134700221DF3 /* 密码本 */,
				046AC14B2394F58D00111DA2 /* Base */,
				04E924B02394AAF4006683D7 /* supporting file */,
				04E924A92394A746006683D7 /* 公共方法 */,
				04230FAC2391020B00031B27 /* Main.storyboard */,
				04230FB12391020E00031B27 /* LaunchScreen.storyboard */,
				04230FB42391020E00031B27 /* Info.plist */,
				04230FB52391020E00031B27 /* main.m */,
				046AC1562396479B00111DA2 /* NextViewController.h */,
				046AC1572396479B00111DA2 /* NextViewController.m */,
			);
			path = MarkProject;
			sourceTree = "<group>";
		};
		0459757E23BA134700221DF3 /* 密码本 */ = {
			isa = PBXGroup;
			children = (
				0459758123BA139500221DF3 /* controller */,
				0459758023BA138500221DF3 /* model */,
				0459757F23BA137000221DF3 /* view */,
			);
			path = "密码本";
			sourceTree = "<group>";
		};
		0459757F23BA137000221DF3 /* view */ = {
			isa = PBXGroup;
			children = (
				04689ECA23CC4B9100D2A786 /* SecretListTableViewCell.h */,
				04689ECB23CC4B9100D2A786 /* SecretListTableViewCell.m */,
			);
			path = view;
			sourceTree = "<group>";
		};
		0459758023BA138500221DF3 /* model */ = {
			isa = PBXGroup;
			children = (
			);
			path = model;
			sourceTree = "<group>";
		};
		0459758123BA139500221DF3 /* controller */ = {
			isa = PBXGroup;
			children = (
				0459757B23BA134200221DF3 /* SecretListViewController.h */,
				0459757C23BA134200221DF3 /* SecretListViewController.m */,
			);
			path = controller;
			sourceTree = "<group>";
		};
		0459758223BA156200221DF3 /* 主页 */ = {
			isa = PBXGroup;
			children = (
				046AC1482394EF0600111DA2 /* MainViewController.h */,
				046AC1492394EF0600111DA2 /* MainViewController.m */,
				046AC1532395124E00111DA2 /* MainCollectionViewCell.h */,
				046AC1542395124E00111DA2 /* MainCollectionViewCell.m */,
			);
			path = "主页";
			sourceTree = "<group>";
		};
		046AC14B2394F58D00111DA2 /* Base */ = {
			isa = PBXGroup;
			children = (
				04230FA62391020B00031B27 /* AppDelegate.h */,
				04230FA72391020B00031B27 /* AppDelegate.m */,
				04230FA92391020B00031B27 /* ViewController.h */,
				04230FAA2391020B00031B27 /* ViewController.m */,
				046AC14C2394F5CF00111DA2 /* BaseNavigationController.h */,
				046AC14D2394F5CF00111DA2 /* BaseNavigationController.m */,
			);
			path = Base;
			sourceTree = "<group>";
		};
		04E924A92394A746006683D7 /* 公共方法 */ = {
			isa = PBXGroup;
			children = (
				04E924AD2394A7D3006683D7 /* MDInstance.h */,
				04E924AE2394A7D3006683D7 /* MDInstance.m */,
				04E924B12394AC5E006683D7 /* MDMethods.h */,
				04E924B22394AC5E006683D7 /* MDMethods.m */,
				0454440323D1A59F00808EEC /* XYString.h */,
				0454440423D1A59F00808EEC /* XYString.m */,
			);
			path = "公共方法";
			sourceTree = "<group>";
		};
		04E924B02394AAF4006683D7 /* supporting file */ = {
			isa = PBXGroup;
			children = (
				04230FAF2391020E00031B27 /* Assets.xcassets */,
				04230FBC2391024600031B27 /* PrefixHeader.pch */,
			);
			path = "supporting file";
			sourceTree = "<group>";
		};
		73ACE74CF294E50703FC5A68 /* Frameworks */ = {
			isa = PBXGroup;
			children = (
				0454440623D1B44900808EEC /* libsqlite3.tbd */,
				E6F41FCEB9C3C4D50F296F00 /* libPods-MarkProject.a */,
			);
			name = Frameworks;
			sourceTree = "<group>";
		};
		C5F5073350C5B1CD28B28402 /* Pods */ = {
			isa = PBXGroup;
			children = (
				958297A7EEDFB92B5FA0BD5D /* Pods-MarkProject.debug.xcconfig */,
				49168B48E25A5FEB4F7A6A6B /* Pods-MarkProject.release.xcconfig */,
			);
			path = Pods;
			sourceTree = "<group>";
		};
/* End PBXGroup section */

/* Begin PBXNativeTarget section */
		04230FA22391020B00031B27 /* MarkProject */ = {
			isa = PBXNativeTarget;
			buildConfigurationList = 04230FB92391020E00031B27 /* Build configuration list for PBXNativeTarget "MarkProject" */;
			buildPhases = (
				47376696759AB709FE75C4CD /* [CP] Check Pods Manifest.lock */,
				04230F9F2391020B00031B27 /* Sources */,
				04230FA02391020B00031B27 /* Frameworks */,
				04230FA12391020B00031B27 /* Resources */,
			);
			buildRules = (
			);
			dependencies = (
			);
			name = MarkProject;
			productName = MarkProject;
			productReference = 04230FA32391020B00031B27 /* MarkProject.app */;
			productType = "com.apple.product-type.application";
		};
/* End PBXNativeTarget section */

/* Begin PBXProject section */
		04230F9B2391020B00031B27 /* Project object */ = {
			isa = PBXProject;
			attributes = {
				LastUpgradeCheck = 1020;
				ORGANIZATIONNAME = mac;
				TargetAttributes = {
					04230FA22391020B00031B27 = {
						CreatedOnToolsVersion = 10.2.1;
					};
				};
			};
			buildConfigurationList = 04230F9E2391020B00031B27 /* Build configuration list for PBXProject "MarkProject" */;
			compatibilityVersion = "Xcode 9.3";
			developmentRegion = en;
			hasScannedForEncodings = 0;
			knownRegions = (
				en,
				Base,
			);
			mainGroup = 04230F9A2391020B00031B27;
			productRefGroup = 04230FA42391020B00031B27 /* Products */;
			projectDirPath = "";
			projectRoot = "";
			targets = (
				04230FA22391020B00031B27 /* MarkProject */,
			);
		};
/* End PBXProject section */

/* Begin PBXResourcesBuildPhase section */
		04230FA12391020B00031B27 /* Resources */ = {
			isa = PBXResourcesBuildPhase;
			buildActionMask = 2147483647;
			files = (
				04230FB32391020E00031B27 /* LaunchScreen.storyboard in Resources */,
				04230FB02391020E00031B27 /* Assets.xcassets in Resources */,
				04230FAE2391020B00031B27 /* Main.storyboard in Resources */,
			);
			runOnlyForDeploymentPostprocessing = 0;
		};
/* End PBXResourcesBuildPhase section */

/* Begin PBXShellScriptBuildPhase section */
		47376696759AB709FE75C4CD /* [CP] Check Pods Manifest.lock */ = {
			isa = PBXShellScriptBuildPhase;
			buildActionMask = 2147483647;
			files = (
			);
			inputFileListPaths = (
			);
			inputPaths = (
				"${PODS_PODFILE_DIR_PATH}/Podfile.lock",
				"${PODS_ROOT}/Manifest.lock",
			);
			name = "[CP] Check Pods Manifest.lock";
			outputFileListPaths = (
			);
			outputPaths = (
				"$(DERIVED_FILE_DIR)/Pods-MarkProject-checkManifestLockResult.txt",
			);
			runOnlyForDeploymentPostprocessing = 0;
			shellPath = /bin/sh;
			shellScript = "diff \"${PODS_PODFILE_DIR_PATH}/Podfile.lock\" \"${PODS_ROOT}/Manifest.lock\" > /dev/null\nif [ $? != 0 ] ; then\n    # print error to STDERR\n    echo \"error: The sandbox is not in sync with the Podfile.lock. Run 'pod install' or update your CocoaPods installation.\" >&2\n    exit 1\nfi\n# This output is used by Xcode 'outputs' to avoid re-running this script phase.\necho \"SUCCESS\" > \"${SCRIPT_OUTPUT_FILE_0}\"\n";
			showEnvVarsInLog = 0;
		};
/* End PBXShellScriptBuildPhase section */

/* Begin PBXSourcesBuildPhase section */
		04230F9F2391020B00031B27 /* Sources */ = {
			isa = PBXSourcesBuildPhase;
			buildActionMask = 2147483647;
			files = (
				04230FAB2391020B00031B27 /* ViewController.m in Sources */,
				046AC1582396479B00111DA2 /* NextViewController.m in Sources */,
				046AC14E2394F5CF00111DA2 /* BaseNavigationController.m in Sources */,
				04E924B32394AC5E006683D7 /* MDMethods.m in Sources */,
				04689ECC23CC4B9100D2A786 /* SecretListTableViewCell.m in Sources */,
				046AC14A2394EF0600111DA2 /* MainViewController.m in Sources */,
				04E924AF2394A7D3006683D7 /* MDInstance.m in Sources */,
				04230FB62391020E00031B27 /* main.m in Sources */,
				04230FA82391020B00031B27 /* AppDelegate.m in Sources */,
				0454440523D1A59F00808EEC /* XYString.m in Sources */,
				0459757D23BA134200221DF3 /* SecretListViewController.m in Sources */,
				046AC1552395124E00111DA2 /* MainCollectionViewCell.m in Sources */,
			);
			runOnlyForDeploymentPostprocessing = 0;
		};
/* End PBXSourcesBuildPhase section */

/* Begin PBXVariantGroup section */
		04230FAC2391020B00031B27 /* Main.storyboard */ = {
			isa = PBXVariantGroup;
			children = (
				04230FAD2391020B00031B27 /* Base */,
			);
			name = Main.storyboard;
			sourceTree = "<group>";
		};
		04230FB12391020E00031B27 /* LaunchScreen.storyboard */ = {
			isa = PBXVariantGroup;
			children = (
				04230FB22391020E00031B27 /* Base */,
			);
			name = LaunchScreen.storyboard;
			sourceTree = "<group>";
		};
/* End PBXVariantGroup section */

/* Begin XCBuildConfiguration section */
		04230FB72391020E00031B27 /* Debug */ = {
			isa = XCBuildConfiguration;
			buildSettings = {
				ALWAYS_SEARCH_USER_PATHS = NO;
				CLANG_ANALYZER_NONNULL = YES;
				CLANG_ANALYZER_NUMBER_OBJECT_CONVERSION = YES_AGGRESSIVE;
				CLANG_CXX_LANGUAGE_STANDARD = "gnu++14";
				CLANG_CXX_LIBRARY = "libc++";
				CLANG_ENABLE_MODULES = YES;
				CLANG_ENABLE_OBJC_ARC = YES;
				CLANG_ENABLE_OBJC_WEAK = YES;
				CLANG_WARN_BLOCK_CAPTURE_AUTORELEASING = YES;
				CLANG_WARN_BOOL_CONVERSION = YES;
				CLANG_WARN_COMMA = YES;
				CLANG_WARN_CONSTANT_CONVERSION = YES;
				CLANG_WARN_DEPRECATED_OBJC_IMPLEMENTATIONS = YES;
				CLANG_WARN_DIRECT_OBJC_ISA_USAGE = YES_ERROR;
				CLANG_WARN_DOCUMENTATION_COMMENTS = YES;
				CLANG_WARN_EMPTY_BODY = YES;
				CLANG_WARN_ENUM_CONVERSION = YES;
				CLANG_WARN_INFINITE_RECURSION = YES;
				CLANG_WARN_INT_CONVERSION = YES;
				CLANG_WARN_NON_LITERAL_NULL_CONVERSION = YES;
				CLANG_WARN_OBJC_IMPLICIT_RETAIN_SELF = YES;
				CLANG_WARN_OBJC_LITERAL_CONVERSION = YES;
				CLANG_WARN_OBJC_ROOT_CLASS = YES_ERROR;
				CLANG_WARN_RANGE_LOOP_ANALYSIS = YES;
				CLANG_WARN_STRICT_PROTOTYPES = YES;
				CLANG_WARN_SUSPICIOUS_MOVE = YES;
				CLANG_WARN_UNGUARDED_AVAILABILITY = YES_AGGRESSIVE;
				CLANG_WARN_UNREACHABLE_CODE = YES;
				CLANG_WARN__DUPLICATE_METHOD_MATCH = YES;
				CODE_SIGN_IDENTITY = "iPhone Developer";
				COPY_PHASE_STRIP = NO;
				DEBUG_INFORMATION_FORMAT = dwarf;
				ENABLE_STRICT_OBJC_MSGSEND = YES;
				ENABLE_TESTABILITY = YES;
				GCC_C_LANGUAGE_STANDARD = gnu11;
				GCC_DYNAMIC_NO_PIC = NO;
				GCC_NO_COMMON_BLOCKS = YES;
				GCC_OPTIMIZATION_LEVEL = 0;
				GCC_PREPROCESSOR_DEFINITIONS = (
					"DEBUG=1",
					"$(inherited)",
				);
				GCC_WARN_64_TO_32_BIT_CONVERSION = YES;
				GCC_WARN_ABOUT_RETURN_TYPE = YES_ERROR;
				GCC_WARN_UNDECLARED_SELECTOR = YES;
				GCC_WARN_UNINITIALIZED_AUTOS = YES_AGGRESSIVE;
				GCC_WARN_UNUSED_FUNCTION = YES;
				GCC_WARN_UNUSED_VARIABLE = YES;
				IPHONEOS_DEPLOYMENT_TARGET = 12.2;
				MTL_ENABLE_DEBUG_INFO = INCLUDE_SOURCE;
				MTL_FAST_MATH = YES;
				ONLY_ACTIVE_ARCH = YES;
				SDKROOT = iphoneos;
			};
			name = Debug;
		};
		04230FB82391020E00031B27 /* Release */ = {
			isa = XCBuildConfiguration;
			buildSettings = {
				ALWAYS_SEARCH_USER_PATHS = NO;
				CLANG_ANALYZER_NONNULL = YES;
				CLANG_ANALYZER_NUMBER_OBJECT_CONVERSION = YES_AGGRESSIVE;
				CLANG_CXX_LANGUAGE_STANDARD = "gnu++14";
				CLANG_CXX_LIBRARY = "libc++";
				CLANG_ENABLE_MODULES = YES;
				CLANG_ENABLE_OBJC_ARC = YES;
				CLANG_ENABLE_OBJC_WEAK = YES;
				CLANG_WARN_BLOCK_CAPTURE_AUTORELEASING = YES;
				CLANG_WARN_BOOL_CONVERSION = YES;
				CLANG_WARN_COMMA = YES;
				CLANG_WARN_CONSTANT_CONVERSION = YES;
				CLANG_WARN_DEPRECATED_OBJC_IMPLEMENTATIONS = YES;
				CLANG_WARN_DIRECT_OBJC_ISA_USAGE = YES_ERROR;
				CLANG_WARN_DOCUMENTATION_COMMENTS = YES;
				CLANG_WARN_EMPTY_BODY = YES;
				CLANG_WARN_ENUM_CONVERSION = YES;
				CLANG_WARN_INFINITE_RECURSION = YES;
				CLANG_WARN_INT_CONVERSION = YES;
				CLANG_WARN_NON_LITERAL_NULL_CONVERSION = YES;
				CLANG_WARN_OBJC_IMPLICIT_RETAIN_SELF = YES;
				CLANG_WARN_OBJC_LITERAL_CONVERSION = YES;
				CLANG_WARN_OBJC_ROOT_CLASS = YES_ERROR;
				CLANG_WARN_RANGE_LOOP_ANALYSIS = YES;
				CLANG_WARN_STRICT_PROTOTYPES = YES;
				CLANG_WARN_SUSPICIOUS_MOVE = YES;
				CLANG_WARN_UNGUARDED_AVAILABILITY = YES_AGGRESSIVE;
				CLANG_WARN_UNREACHABLE_CODE = YES;
				CLANG_WARN__DUPLICATE_METHOD_MATCH = YES;
				CODE_SIGN_IDENTITY = "iPhone Developer";
				COPY_PHASE_STRIP = NO;
				DEBUG_INFORMATION_FORMAT = "dwarf-with-dsym";
				ENABLE_NS_ASSERTIONS = NO;
				ENABLE_STRICT_OBJC_MSGSEND = YES;
				GCC_C_LANGUAGE_STANDARD = gnu11;
				GCC_NO_COMMON_BLOCKS = YES;
				GCC_WARN_64_TO_32_BIT_CONVERSION = YES;
				GCC_WARN_ABOUT_RETURN_TYPE = YES_ERROR;
				GCC_WARN_UNDECLARED_SELECTOR = YES;
				GCC_WARN_UNINITIALIZED_AUTOS = YES_AGGRESSIVE;
				GCC_WARN_UNUSED_FUNCTION = YES;
				GCC_WARN_UNUSED_VARIABLE = YES;
				IPHONEOS_DEPLOYMENT_TARGET = 12.2;
				MTL_ENABLE_DEBUG_INFO = NO;
				MTL_FAST_MATH = YES;
				SDKROOT = iphoneos;
				VALIDATE_PRODUCT = YES;
			};
			name = Release;
		};
		04230FBA2391020E00031B27 /* Debug */ = {
			isa = XCBuildConfiguration;
			baseConfigurationReference = 958297A7EEDFB92B5FA0BD5D /* Pods-MarkProject.debug.xcconfig */;
			buildSettings = {
				ASSETCATALOG_COMPILER_APPICON_NAME = AppIcon;
				CODE_SIGN_STYLE = Automatic;
				DEVELOPMENT_TEAM = 7QT63XRD5R;
				GCC_PRECOMPILE_PREFIX_HEADER = YES;
				GCC_PREFIX_HEADER = "$(SRCROOT)/MarkProject/supporting file/PrefixHeader.pch";
				INFOPLIST_FILE = MarkProject/Info.plist;
				LD_RUNPATH_SEARCH_PATHS = (
					"$(inherited)",
					"@executable_path/Frameworks",
				);
				PRODUCT_BUNDLE_IDENTIFIER = com.shilingXD.MarkProject;
				PRODUCT_NAME = "$(TARGET_NAME)";
				TARGETED_DEVICE_FAMILY = "1,2";
			};
			name = Debug;
		};
		04230FBB2391020E00031B27 /* Release */ = {
			isa = XCBuildConfiguration;
			baseConfigurationReference = 49168B48E25A5FEB4F7A6A6B /* Pods-MarkProject.release.xcconfig */;
			buildSettings = {
				ASSETCATALOG_COMPILER_APPICON_NAME = AppIcon;
				CODE_SIGN_STYLE = Automatic;
				DEVELOPMENT_TEAM = 7QT63XRD5R;
				GCC_PRECOMPILE_PREFIX_HEADER = YES;
				GCC_PREFIX_HEADER = "$(SRCROOT)/MarkProject/supporting file/PrefixHeader.pch";
				INFOPLIST_FILE = MarkProject/Info.plist;
				LD_RUNPATH_SEARCH_PATHS = (
					"$(inherited)",
					"@executable_path/Frameworks",
				);
				PRODUCT_BUNDLE_IDENTIFIER = com.shilingXD.MarkProject;
				PRODUCT_NAME = "$(TARGET_NAME)";
				TARGETED_DEVICE_FAMILY = "1,2";
			};
			name = Release;
		};
/* End XCBuildConfiguration section */

/* Begin XCConfigurationList section */
		04230F9E2391020B00031B27 /* Build configuration list for PBXProject "MarkProject" */ = {
			isa = XCConfigurationList;
			buildConfigurations = (
				04230FB72391020E00031B27 /* Debug */,
				04230FB82391020E00031B27 /* Release */,
			);
			defaultConfigurationIsVisible = 0;
			defaultConfigurationName = Release;
		};
		04230FB92391020E00031B27 /* Build configuration list for PBXNativeTarget "MarkProject" */ = {
			isa = XCConfigurationList;
			buildConfigurations = (
				04230FBA2391020E00031B27 /* Debug */,
				04230FBB2391020E00031B27 /* Release */,
			);
			defaultConfigurationIsVisible = 0;
			defaultConfigurationName = Release;
		};
/* End XCConfigurationList section */
	};
	rootObject = 04230F9B2391020B00031B27 /* Project object */;
}
